
Microsoft Visual Studio Solution File, Format Version 12.00
# Visual Studio Version 17
VisualStudioVersion = 17.6.33829.357
MinimumVisualStudioVersion = 10.0.40219.1
Project("{8BC9CEB8-8B4A-11D0-8D11-00A0C91BC942}") = "Assignment 5 DSA", "Assignment 5 DSA\Assignment 5 DSA.vcxproj", "{DC68364F-0AAD-45B1-9BC4-3F3C16FE197D}"
EndProject
Global
	GlobalSection(SolutionConfigurationPlatforms) = preSolution
		Debug|x64 = Debug|x64
		Debug|x86 = Debug|x86
		Release|x64 = Release|x64
		Release|x86 = Release|x86
	EndGlobalSection
	GlobalSection(ProjectConfigurationPlatforms) = postSolution
		{DC68364F-0AAD-45B1-9BC4-3F3C16FE197D}.Debug|x64.ActiveCfg = Debug|x64
		{DC68364F-0AAD-45B1-9BC4-3F3C16FE197D}.Debug|x64.Build.0 = Debug|x64
		{DC68364F-0AAD-45B1-9BC4-3F3C16FE197D}.Debug|x86.ActiveCfg = Debug|Win32
		{DC68364F-0AAD-45B1-9BC4-3F3C16FE197D}.Debug|x86.Build.0 = Debug|Win32
		{DC68364F-0AAD-45B1-9BC4-3F3C16FE197D}.Release|x64.ActiveCfg = Release|x64
		{DC68364F-0AAD-45B1-9BC4-3F3C16FE197D}.Release|x64.Build.0 = Release|x64
		{DC68364F-0AAD-45B1-9BC4-3F3C16FE197D}.Release|x86.ActiveCfg = Release|Win32
		{DC68364F-0AAD-45B1-9BC4-3F3C16FE197D}.Release|x86.Build.0 = Release|Win32
	EndGlobalSection
	GlobalSection(SolutionProperties) = preSolution
		HideSolutionNode = FALSE
	EndGlobalSection
	GlobalSection(ExtensibilityGlobals) = postSolution
		SolutionGuid = {5BD45F8A-C798-444F-8623-8B71518B5832}
	EndGlobalSection
EndGlobal
